
Microsoft Visual Studio Solution File, Format Version 12.00
# Visual Studio Version 16
VisualStudioVersion = 16.0.28729.10
MinimumVisualStudioVersion = 10.0.40219.1
Project("{9A19103F-16F7-4668-BE54-9A1E7A4F7556}") = "Bve5_Parsing", "Bve5_Parsing\Bve5_Parsing.csproj", "{78C3A34A-3BA9-4259-8D06-30F635152725}"
EndProject
Project("{9A19103F-16F7-4668-BE54-9A1E7A4F7556}") = "Bve5_ParsingTests", "Bve5_ParsingTests\Bve5_ParsingTests.csproj", "{C069E38E-9733-4445-A2AF-45BEA116C22A}"
EndProject
Project("{9A19103F-16F7-4668-BE54-9A1E7A4F7556}") = "ParseSampleApp", "ParseSampleApp\ParseSampleApp.csproj", "{763AB417-9A82-4869-AF96-0F800DC2F3A5}"
EndProject
Project("{2150E333-8FDC-42A3-9474-1A3956D46DE8}") = "Solution Items", "Solution Items", "{2F58C2DE-C234-4DA6-9128-3FC976FB1486}"
	ProjectSection(SolutionItems) = preProject
		.editorconfig = .editorconfig
	EndProjectSection
EndProject
Global
	GlobalSection(SolutionConfigurationPlatforms) = preSolution
		Debug|Any CPU = Debug|Any CPU
		Release|Any CPU = Release|Any CPU
	EndGlobalSection
	GlobalSection(ProjectConfigurationPlatforms) = postSolution
		{78C3A34A-3BA9-4259-8D06-30F635152725}.Debug|Any CPU.ActiveCfg = Debug|Any CPU
		{78C3A34A-3BA9-4259-8D06-30F635152725}.Debug|Any CPU.Build.0 = Debug|Any CPU
		{78C3A34A-3BA9-4259-8D06-30F635152725}.Release|Any CPU.ActiveCfg = Release|Any CPU
		{78C3A34A-3BA9-4259-8D06-30F635152725}.Release|Any CPU.Build.0 = Release|Any CPU
		{C069E38E-9733-4445-A2AF-45BEA116C22A}.Debug|Any CPU.ActiveCfg = Debug|Any CPU
		{C069E38E-9733-4445-A2AF-45BEA116C22A}.Debug|Any CPU.Build.0 = Debug|Any CPU
		{C069E38E-9733-4445-A2AF-45BEA116C22A}.Release|Any CPU.ActiveCfg = Release|Any CPU
		{C069E38E-9733-4445-A2AF-45BEA116C22A}.Release|Any CPU.Build.0 = Release|Any CPU
		{763AB417-9A82-4869-AF96-0F800DC2F3A5}.Debug|Any CPU.ActiveCfg = Debug|Any CPU
		{763AB417-9A82-4869-AF96-0F800DC2F3A5}.Debug|Any CPU.Build.0 = Debug|Any CPU
		{763AB417-9A82-4869-AF96-0F800DC2F3A5}.Release|Any CPU.ActiveCfg = Release|Any CPU
		{763AB417-9A82-4869-AF96-0F800DC2F3A5}.Release|Any CPU.Build.0 = Release|Any CPU
	EndGlobalSection
	GlobalSection(SolutionProperties) = preSolution
		HideSolutionNode = FALSE
	EndGlobalSection
	GlobalSection(ExtensibilityGlobals) = postSolution
		SolutionGuid = {834DFF1A-8D5E-424B-A165-48A5FFA97235}
	EndGlobalSection
EndGlobal
