
Microsoft Visual Studio Solution File, Format Version 12.00
# Visual Studio 15
VisualStudioVersion = 15.0.27004.2005
MinimumVisualStudioVersion = 10.0.40219.1
Project("{9A19103F-16F7-4668-BE54-9A1E7A4F7556}") = "Bve5_ParsingTests", "Bve5_ParsingTests\Bve5_ParsingTests.csproj", "{62267929-4D53-42CC-B77F-98C70F8A0299}"
EndProject
Project("{9A19103F-16F7-4668-BE54-9A1E7A4F7556}") = "Bve5_Parsing", "Bve5_Parsing\Bve5_Parsing.csproj", "{EE5B262C-9593-4986-8258-662B7198CF28}"
EndProject
Global
	GlobalSection(SolutionConfigurationPlatforms) = preSolution
		Debug|Any CPU = Debug|Any CPU
		Release|Any CPU = Release|Any CPU
	EndGlobalSection
	GlobalSection(ProjectConfigurationPlatforms) = postSolution
		{62267929-4D53-42CC-B77F-98C70F8A0299}.Debug|Any CPU.ActiveCfg = Debug|Any CPU
		{62267929-4D53-42CC-B77F-98C70F8A0299}.Debug|Any CPU.Build.0 = Debug|Any CPU
		{62267929-4D53-42CC-B77F-98C70F8A0299}.Release|Any CPU.ActiveCfg = Release|Any CPU
		{62267929-4D53-42CC-B77F-98C70F8A0299}.Release|Any CPU.Build.0 = Release|Any CPU
		{EE5B262C-9593-4986-8258-662B7198CF28}.Debug|Any CPU.ActiveCfg = Debug|Any CPU
		{EE5B262C-9593-4986-8258-662B7198CF28}.Debug|Any CPU.Build.0 = Debug|Any CPU
		{EE5B262C-9593-4986-8258-662B7198CF28}.Release|Any CPU.ActiveCfg = Release|Any CPU
		{EE5B262C-9593-4986-8258-662B7198CF28}.Release|Any CPU.Build.0 = Release|Any CPU
	EndGlobalSection
	GlobalSection(SolutionProperties) = preSolution
		HideSolutionNode = FALSE
	EndGlobalSection
	GlobalSection(ExtensibilityGlobals) = postSolution
		SolutionGuid = {2B7E0F69-1310-4370-8024-2D6E0B8899C7}
	EndGlobalSection
EndGlobal
