{
  "requires": true,
  "lockfileVersion": 1,
  "dependencies": {
    "linq": {
      "version": "3.1.1",
      "resolved": "https://registry.npmjs.org/linq/-/linq-3.1.1.tgz",
      "integrity": "sha512-A71Vnqe93xFkYYTuTzne1dQ+tVzXwYRrgZE3koGbXVd+3Ie5IiBgCpaFTnG+XkaSW/vPmsFAt2rG4znmJAxKlw=="
    },
    "mustache": {
      "version": "3.0.1",
      "resolved": "https://registry.npmjs.org/mustache/-/mustache-3.0.1.tgz",
      "integrity": "sha512-jFI/4UVRsRYdUbuDTKT7KzfOp7FiD5WzYmmwNwXyUVypC0xjoTL78Fqc0jHUPIvvGD+6DQSPHIt1NE7D1ArsqA=="
    },
    "strip-bom": {
      "version": "3.0.0",
      "resolved": "https://registry.npmjs.org/strip-bom/-/strip-bom-3.0.0.tgz",
      "integrity": "sha1-IzTBjpx1n3vdVv3vfprj1YjmjtM="
    }
  }
}
