
Microsoft Visual Studio Solution File, Format Version 12.00
# Visual Studio Version 16
VisualStudioVersion = 16.0.28729.10
MinimumVisualStudioVersion = 10.0.40219.1
Project("{9A19103F-16F7-4668-BE54-9A1E7A4F7556}") = "Bve5_ParsingDoc", "Bve5_ParsingDoc.csproj", "{5D8FB136-7932-4399-B304-DAFA8B69AAAE}"
EndProject
Global
	GlobalSection(SolutionConfigurationPlatforms) = preSolution
		Debug|Any CPU = Debug|Any CPU
		Release|Any CPU = Release|Any CPU
	EndGlobalSection
	GlobalSection(ProjectConfigurationPlatforms) = postSolution
		{5D8FB136-7932-4399-B304-DAFA8B69AAAE}.Debug|Any CPU.ActiveCfg = Debug|Any CPU
		{5D8FB136-7932-4399-B304-DAFA8B69AAAE}.Debug|Any CPU.Build.0 = Debug|Any CPU
		{5D8FB136-7932-4399-B304-DAFA8B69AAAE}.Release|Any CPU.ActiveCfg = Release|Any CPU
		{5D8FB136-7932-4399-B304-DAFA8B69AAAE}.Release|Any CPU.Build.0 = Release|Any CPU
	EndGlobalSection
	GlobalSection(SolutionProperties) = preSolution
		HideSolutionNode = FALSE
	EndGlobalSection
	GlobalSection(ExtensibilityGlobals) = postSolution
		SolutionGuid = {2A926B23-9E45-432E-A1C9-5ACBF2874940}
	EndGlobalSection
EndGlobal
